
Microsoft Visual Studio Solution File, Format Version 12.00
# Visual Studio Version 17
VisualStudioVersion = 17.10.34916.146
MinimumVisualStudioVersion = 10.0.40219.1
Project("{FAE04EC0-301F-11D3-BF4B-00C04F79EFBC}") = "Motorcycles", "Motorcycles\Motorcycles.csproj", "{AED09619-28FA-4D21-854C-5283937614D5}"
EndProject
Global
	GlobalSection(SolutionConfigurationPlatforms) = preSolution
		Debug|Any CPU = Debug|Any CPU
		Release|Any CPU = Release|Any CPU
	EndGlobalSection
	GlobalSection(ProjectConfigurationPlatforms) = postSolution
		{AED09619-28FA-4D21-854C-5283937614D5}.Debug|Any CPU.ActiveCfg = Debug|Any CPU
		{AED09619-28FA-4D21-854C-5283937614D5}.Debug|Any CPU.Build.0 = Debug|Any CPU
		{AED09619-28FA-4D21-854C-5283937614D5}.Release|Any CPU.ActiveCfg = Release|Any CPU
		{AED09619-28FA-4D21-854C-5283937614D5}.Release|Any CPU.Build.0 = Release|Any CPU
	EndGlobalSection
	GlobalSection(SolutionProperties) = preSolution
		HideSolutionNode = FALSE
	EndGlobalSection
	GlobalSection(ExtensibilityGlobals) = postSolution
		SolutionGuid = {C43CA928-E2A9-4E8D-A906-6A0C0C7FB33A}
	EndGlobalSection
EndGlobal
